
Microsoft Visual Studio Solution File, Format Version 12.00
# Visual Studio Version 17
VisualStudioVersion = 17.8.34408.163
MinimumVisualStudioVersion = 10.0.40219.1
Project("{9A19103F-16F7-4668-BE54-9A1E7A4F7556}") = "PDFExtractor", "PDFExtractor.csproj", "{82EBF224-B196-429C-A968-B9A7E19FDC5F}"
EndProject
Project("{54435603-DBB4-11D2-8724-00A0C9A8B90C}") = "Setup2", "..\Setup2\Setup2.vdproj", "{0EE86BE0-DA01-4AF0-BBD3-9E3B33D72CF3}"
EndProject
Global
	GlobalSection(SolutionConfigurationPlatforms) = preSolution
		Debug|Any CPU = Debug|Any CPU
		Release|Any CPU = Release|Any CPU
	EndGlobalSection
	GlobalSection(ProjectConfigurationPlatforms) = postSolution
		{82EBF224-B196-429C-A968-B9A7E19FDC5F}.Debug|Any CPU.ActiveCfg = Debug|Any CPU
		{82EBF224-B196-429C-A968-B9A7E19FDC5F}.Debug|Any CPU.Build.0 = Debug|Any CPU
		{82EBF224-B196-429C-A968-B9A7E19FDC5F}.Release|Any CPU.ActiveCfg = Release|Any CPU
		{82EBF224-B196-429C-A968-B9A7E19FDC5F}.Release|Any CPU.Build.0 = Release|Any CPU
		{0EE86BE0-DA01-4AF0-BBD3-9E3B33D72CF3}.Debug|Any CPU.ActiveCfg = Debug
		{0EE86BE0-DA01-4AF0-BBD3-9E3B33D72CF3}.Release|Any CPU.ActiveCfg = Release
	EndGlobalSection
	GlobalSection(SolutionProperties) = preSolution
		HideSolutionNode = FALSE
	EndGlobalSection
	GlobalSection(ExtensibilityGlobals) = postSolution
		SolutionGuid = {BDAE6C8A-D9F2-487E-8D9F-CEA8ACDACE10}
	EndGlobalSection
EndGlobal
